
Microsoft Visual Studio Solution File, Format Version 12.00
# Visual Studio 2013
VisualStudioVersion = 12.0.30723.0
MinimumVisualStudioVersion = 10.0.40219.1
Project("{2150E333-8FDC-42A3-9474-1A3956D46DE8}") = "100 Framework", "100 Framework", "{2AED06E8-6AFC-4F6F-9F90-DDBBA86A8506}"
EndProject
Project("{2150E333-8FDC-42A3-9474-1A3956D46DE8}") = "300 Application", "300 Application", "{05627E87-EF1D-4EC8-8242-F9B99B73FAC5}"
EndProject
Project("{FAE04EC0-301F-11D3-BF4B-00C04F79EFBC}") = "EU.Core", "..\100 Framework\EU.Core\EU.Core.csproj", "{F794ABC4-5F16-4B73-84F5-444337B246DF}"
EndProject
Project("{FAE04EC0-301F-11D3-BF4B-00C04F79EFBC}") = "EU.Wpf.AppClient", "..\100 Framework\EU.Wpf.AppClient\EU.Wpf.AppClient.csproj", "{1D6F4DD3-C6A0-42BC-A5B6-4687C68D2B2D}"
EndProject
Project("{FAE04EC0-301F-11D3-BF4B-00C04F79EFBC}") = "EU.Wpf.Core", "..\100 Framework\EU.Wpf.Core\EU.Wpf.Core.csproj", "{2E4546E5-0118-4210-9114-3896BAAFCB62}"
EndProject
Project("{FAE04EC0-301F-11D3-BF4B-00C04F79EFBC}") = "EU.App.DMC", "EU.App.Dmc\EU.App.DMC.csproj", "{C6A6977C-7AB3-4B6D-A9EA-829AA4CB8D6E}"
EndProject
Project("{FAE04EC0-301F-11D3-BF4B-00C04F79EFBC}") = "EU.Wpf.Controls", "..\100 Framework\EU.Wpf.Controls\EU.Wpf.Controls.csproj", "{B7F8153C-449B-41BA-A65C-236858E399EB}"
EndProject
Project("{FAE04EC0-301F-11D3-BF4B-00C04F79EFBC}") = "EU.App.DMC.Consoles.Sample", "EU.App.DMC.Consoles.Sample\EU.App.DMC.Consoles.Sample.csproj", "{CDD829B7-7683-4822-A97A-D7B781DE3CF9}"
EndProject
Project("{2150E333-8FDC-42A3-9474-1A3956D46DE8}") = "DMC", "DMC", "{D66AEEAA-C77B-4F9E-A8E3-38C7D1CBD254}"
EndProject
Project("{FAE04EC0-301F-11D3-BF4B-00C04F79EFBC}") = "EU.App.DMC.Core", "EU.App.DMC.Core\EU.App.DMC.Core.csproj", "{E8960CD2-688E-4601-9277-BA4BAA5CEED0}"
EndProject
Project("{FAE04EC0-301F-11D3-BF4B-00C04F79EFBC}") = "EU.Wpf.Theme", "..\100 Framework\EU.Wpf.Theme\EU.Wpf.Theme.csproj", "{4CD66A46-42A6-47B1-8C88-85C84A64CA8A}"
EndProject
Global
	GlobalSection(SolutionConfigurationPlatforms) = preSolution
		Debug|Any CPU = Debug|Any CPU
		Release|Any CPU = Release|Any CPU
	EndGlobalSection
	GlobalSection(ProjectConfigurationPlatforms) = postSolution
		{F794ABC4-5F16-4B73-84F5-444337B246DF}.Debug|Any CPU.ActiveCfg = Debug|Any CPU
		{F794ABC4-5F16-4B73-84F5-444337B246DF}.Debug|Any CPU.Build.0 = Debug|Any CPU
		{F794ABC4-5F16-4B73-84F5-444337B246DF}.Release|Any CPU.ActiveCfg = Release|Any CPU
		{F794ABC4-5F16-4B73-84F5-444337B246DF}.Release|Any CPU.Build.0 = Release|Any CPU
		{1D6F4DD3-C6A0-42BC-A5B6-4687C68D2B2D}.Debug|Any CPU.ActiveCfg = Debug|Any CPU
		{1D6F4DD3-C6A0-42BC-A5B6-4687C68D2B2D}.Debug|Any CPU.Build.0 = Debug|Any CPU
		{1D6F4DD3-C6A0-42BC-A5B6-4687C68D2B2D}.Release|Any CPU.ActiveCfg = Release|Any CPU
		{1D6F4DD3-C6A0-42BC-A5B6-4687C68D2B2D}.Release|Any CPU.Build.0 = Release|Any CPU
		{2E4546E5-0118-4210-9114-3896BAAFCB62}.Debug|Any CPU.ActiveCfg = Debug|Any CPU
		{2E4546E5-0118-4210-9114-3896BAAFCB62}.Debug|Any CPU.Build.0 = Debug|Any CPU
		{2E4546E5-0118-4210-9114-3896BAAFCB62}.Release|Any CPU.ActiveCfg = Release|Any CPU
		{2E4546E5-0118-4210-9114-3896BAAFCB62}.Release|Any CPU.Build.0 = Release|Any CPU
		{C6A6977C-7AB3-4B6D-A9EA-829AA4CB8D6E}.Debug|Any CPU.ActiveCfg = Debug|Any CPU
		{C6A6977C-7AB3-4B6D-A9EA-829AA4CB8D6E}.Debug|Any CPU.Build.0 = Debug|Any CPU
		{C6A6977C-7AB3-4B6D-A9EA-829AA4CB8D6E}.Release|Any CPU.ActiveCfg = Release|Any CPU
		{C6A6977C-7AB3-4B6D-A9EA-829AA4CB8D6E}.Release|Any CPU.Build.0 = Release|Any CPU
		{B7F8153C-449B-41BA-A65C-236858E399EB}.Debug|Any CPU.ActiveCfg = Debug|Any CPU
		{B7F8153C-449B-41BA-A65C-236858E399EB}.Debug|Any CPU.Build.0 = Debug|Any CPU
		{B7F8153C-449B-41BA-A65C-236858E399EB}.Release|Any CPU.ActiveCfg = Release|Any CPU
		{B7F8153C-449B-41BA-A65C-236858E399EB}.Release|Any CPU.Build.0 = Release|Any CPU
		{CDD829B7-7683-4822-A97A-D7B781DE3CF9}.Debug|Any CPU.ActiveCfg = Debug|Any CPU
		{CDD829B7-7683-4822-A97A-D7B781DE3CF9}.Debug|Any CPU.Build.0 = Debug|Any CPU
		{CDD829B7-7683-4822-A97A-D7B781DE3CF9}.Release|Any CPU.ActiveCfg = Release|Any CPU
		{CDD829B7-7683-4822-A97A-D7B781DE3CF9}.Release|Any CPU.Build.0 = Release|Any CPU
		{E8960CD2-688E-4601-9277-BA4BAA5CEED0}.Debug|Any CPU.ActiveCfg = Debug|Any CPU
		{E8960CD2-688E-4601-9277-BA4BAA5CEED0}.Debug|Any CPU.Build.0 = Debug|Any CPU
		{E8960CD2-688E-4601-9277-BA4BAA5CEED0}.Release|Any CPU.ActiveCfg = Release|Any CPU
		{E8960CD2-688E-4601-9277-BA4BAA5CEED0}.Release|Any CPU.Build.0 = Release|Any CPU
		{4CD66A46-42A6-47B1-8C88-85C84A64CA8A}.Debug|Any CPU.ActiveCfg = Debug|Any CPU
		{4CD66A46-42A6-47B1-8C88-85C84A64CA8A}.Debug|Any CPU.Build.0 = Debug|Any CPU
		{4CD66A46-42A6-47B1-8C88-85C84A64CA8A}.Release|Any CPU.ActiveCfg = Release|Any CPU
		{4CD66A46-42A6-47B1-8C88-85C84A64CA8A}.Release|Any CPU.Build.0 = Release|Any CPU
	EndGlobalSection
	GlobalSection(SolutionProperties) = preSolution
		HideSolutionNode = FALSE
	EndGlobalSection
	GlobalSection(NestedProjects) = preSolution
		{F794ABC4-5F16-4B73-84F5-444337B246DF} = {2AED06E8-6AFC-4F6F-9F90-DDBBA86A8506}
		{1D6F4DD3-C6A0-42BC-A5B6-4687C68D2B2D} = {2AED06E8-6AFC-4F6F-9F90-DDBBA86A8506}
		{2E4546E5-0118-4210-9114-3896BAAFCB62} = {2AED06E8-6AFC-4F6F-9F90-DDBBA86A8506}
		{C6A6977C-7AB3-4B6D-A9EA-829AA4CB8D6E} = {D66AEEAA-C77B-4F9E-A8E3-38C7D1CBD254}
		{B7F8153C-449B-41BA-A65C-236858E399EB} = {2AED06E8-6AFC-4F6F-9F90-DDBBA86A8506}
		{CDD829B7-7683-4822-A97A-D7B781DE3CF9} = {D66AEEAA-C77B-4F9E-A8E3-38C7D1CBD254}
		{D66AEEAA-C77B-4F9E-A8E3-38C7D1CBD254} = {05627E87-EF1D-4EC8-8242-F9B99B73FAC5}
		{E8960CD2-688E-4601-9277-BA4BAA5CEED0} = {D66AEEAA-C77B-4F9E-A8E3-38C7D1CBD254}
		{4CD66A46-42A6-47B1-8C88-85C84A64CA8A} = {2AED06E8-6AFC-4F6F-9F90-DDBBA86A8506}
	EndGlobalSection
EndGlobal
